PODS:
  - CleverTap-iOS-SDK (3.10.0):
    - SDWebImage (~> 5.1)
  - SDWebImage (5.12.2):
    - SDWebImage/Core (= 5.12.2)
  - SDWebImage/Core (5.12.2)

DEPENDENCIES:
  - CleverTap-iOS-SDK

SPEC REPOS:
  trunk:
    - CleverTap-iOS-SDK
    - SDWebImage

SPEC CHECKSUMS:
  CleverTap-iOS-SDK: 1e38a25eee5bdb3e525c5c8497504bc64b7d695d
  SDWebImage: 240e5c12b592fb1268c1d03b8c90d90e8c2ffe82

PODFILE CHECKSUM: 1bab9986207c9b62f2328aeda19ddf2b4e08979f

COCOAPODS: 1.10.1
